
Microsoft Visual Studio Solution File, Format Version 12.00
# Visual Studio Version 17
VisualStudioVersion = 17.2.32526.322
MinimumVisualStudioVersion = 10.0.40219.1
Project("{FAE04EC0-301F-11D3-BF4B-00C04F79EFBC}") = "CS21", "CS21\CS21.csproj", "{87E14CFE-1DAD-4ECA-A417-CB2863306185}"
EndProject
Global
	GlobalSection(SolutionConfigurationPlatforms) = preSolution
		Debug|Any CPU = Debug|Any CPU
		Release|Any CPU = Release|Any CPU
	EndGlobalSection
	GlobalSection(ProjectConfigurationPlatforms) = postSolution
		{87E14CFE-1DAD-4ECA-A417-CB2863306185}.Debug|Any CPU.ActiveCfg = Debug|Any CPU
		{87E14CFE-1DAD-4ECA-A417-CB2863306185}.Debug|Any CPU.Build.0 = Debug|Any CPU
		{87E14CFE-1DAD-4ECA-A417-CB2863306185}.Release|Any CPU.ActiveCfg = Release|Any CPU
		{87E14CFE-1DAD-4ECA-A417-CB2863306185}.Release|Any CPU.Build.0 = Release|Any CPU
	EndGlobalSection
	GlobalSection(SolutionProperties) = preSolution
		HideSolutionNode = FALSE
	EndGlobalSection
	GlobalSection(ExtensibilityGlobals) = postSolution
		SolutionGuid = {89F274EB-DDA0-4826-94DE-CAA310357322}
	EndGlobalSection
EndGlobal
